
Microsoft Visual Studio Solution File, Format Version 12.00
# Visual Studio Version 17
VisualStudioVersion = 17.4.33103.184
MinimumVisualStudioVersion = 10.0.40219.1
Project("{9A19103F-16F7-4668-BE54-9A1E7A4F7556}") = "NordcloudTechTask.Console", "NordcloudTechTask\NordcloudTechTask.Console.csproj", "{B86A1E84-BCCC-4EC1-85B2-D5E4CF74FF85}"
EndProject
Project("{9A19103F-16F7-4668-BE54-9A1E7A4F7556}") = "NordcloudTechTask.Tests", "NordcloudTechTask.Tests\NordcloudTechTask.Tests.csproj", "{CF230097-2B23-4098-BDC0-2F10C79A77A1}"
EndProject
Project("{9A19103F-16F7-4668-BE54-9A1E7A4F7556}") = "NordcloudTechTask.Domain", "NordcloudTechTask.Domain\NordcloudTechTask.Domain.csproj", "{F871FB60-6044-4A8B-9D3E-888BAEBF1086}"
EndProject
Global
	GlobalSection(SolutionConfigurationPlatforms) = preSolution
		Debug|Any CPU = Debug|Any CPU
		Release|Any CPU = Release|Any CPU
	EndGlobalSection
	GlobalSection(ProjectConfigurationPlatforms) = postSolution
		{B86A1E84-BCCC-4EC1-85B2-D5E4CF74FF85}.Debug|Any CPU.ActiveCfg = Debug|Any CPU
		{B86A1E84-BCCC-4EC1-85B2-D5E4CF74FF85}.Debug|Any CPU.Build.0 = Debug|Any CPU
		{B86A1E84-BCCC-4EC1-85B2-D5E4CF74FF85}.Release|Any CPU.ActiveCfg = Release|Any CPU
		{B86A1E84-BCCC-4EC1-85B2-D5E4CF74FF85}.Release|Any CPU.Build.0 = Release|Any CPU
		{CF230097-2B23-4098-BDC0-2F10C79A77A1}.Debug|Any CPU.ActiveCfg = Debug|Any CPU
		{CF230097-2B23-4098-BDC0-2F10C79A77A1}.Debug|Any CPU.Build.0 = Debug|Any CPU
		{CF230097-2B23-4098-BDC0-2F10C79A77A1}.Release|Any CPU.ActiveCfg = Release|Any CPU
		{CF230097-2B23-4098-BDC0-2F10C79A77A1}.Release|Any CPU.Build.0 = Release|Any CPU
		{F871FB60-6044-4A8B-9D3E-888BAEBF1086}.Debug|Any CPU.ActiveCfg = Debug|Any CPU
		{F871FB60-6044-4A8B-9D3E-888BAEBF1086}.Debug|Any CPU.Build.0 = Debug|Any CPU
		{F871FB60-6044-4A8B-9D3E-888BAEBF1086}.Release|Any CPU.ActiveCfg = Release|Any CPU
		{F871FB60-6044-4A8B-9D3E-888BAEBF1086}.Release|Any CPU.Build.0 = Release|Any CPU
	EndGlobalSection
	GlobalSection(SolutionProperties) = preSolution
		HideSolutionNode = FALSE
	EndGlobalSection
	GlobalSection(ExtensibilityGlobals) = postSolution
		SolutionGuid = {1EB1EC13-7B65-4920-8DA1-BEC362BA2CC7}
	EndGlobalSection
EndGlobal
